
Microsoft Visual Studio Solution File, Format Version 12.00
# Visual Studio Version 16
VisualStudioVersion = 16.0.31424.327
MinimumVisualStudioVersion = 10.0.40219.1
Project("{FAE04EC0-301F-11D3-BF4B-00C04F79EFBC}") = "PracticeLinq", "PracticeLinq\PracticeLinq.csproj", "{EBA909B5-F680-4BE6-974C-F6085006C479}"
EndProject
Global
	GlobalSection(SolutionConfigurationPlatforms) = preSolution
		Debug|Any CPU = Debug|Any CPU
		Release|Any CPU = Release|Any CPU
	EndGlobalSection
	GlobalSection(ProjectConfigurationPlatforms) = postSolution
		{EBA909B5-F680-4BE6-974C-F6085006C479}.Debug|Any CPU.ActiveCfg = Debug|Any CPU
		{EBA909B5-F680-4BE6-974C-F6085006C479}.Debug|Any CPU.Build.0 = Debug|Any CPU
		{EBA909B5-F680-4BE6-974C-F6085006C479}.Release|Any CPU.ActiveCfg = Release|Any CPU
		{EBA909B5-F680-4BE6-974C-F6085006C479}.Release|Any CPU.Build.0 = Release|Any CPU
	EndGlobalSection
	GlobalSection(SolutionProperties) = preSolution
		HideSolutionNode = FALSE
	EndGlobalSection
	GlobalSection(ExtensibilityGlobals) = postSolution
		SolutionGuid = {8AFD7433-2176-4E98-A5A5-AF7904E44E42}
	EndGlobalSection
EndGlobal
